
Microsoft Visual Studio Solution File, Format Version 12.00
# Visual Studio Version 17
VisualStudioVersion = 17.0.32014.148
MinimumVisualStudioVersion = 10.0.40219.1
Project("{FAE04EC0-301F-11D3-BF4B-00C04F79EFBC}") = "HomeWork4", "HomeWork4.csproj", "{A7A12F2D-DBBD-4CC9-8AF4-AE415D4955A3}"
EndProject
Project("{FAE04EC0-301F-11D3-BF4B-00C04F79EFBC}") = "HomeWork4.2", "..\HomeWork4.2\HomeWork4.2.csproj", "{D11833AA-47F8-4914-820F-94DFDF5FAF08}"
EndProject
Project("{FAE04EC0-301F-11D3-BF4B-00C04F79EFBC}") = "HomeWork4.3", "..\HomeWork4.3\HomeWork4.3.csproj", "{B5892604-D528-4BDD-A219-65E986ED8101}"
EndProject
Global
	GlobalSection(SolutionConfigurationPlatforms) = preSolution
		Debug|Any CPU = Debug|Any CPU
		Release|Any CPU = Release|Any CPU
	EndGlobalSection
	GlobalSection(ProjectConfigurationPlatforms) = postSolution
		{A7A12F2D-DBBD-4CC9-8AF4-AE415D4955A3}.Debug|Any CPU.ActiveCfg = Debug|Any CPU
		{A7A12F2D-DBBD-4CC9-8AF4-AE415D4955A3}.Debug|Any CPU.Build.0 = Debug|Any CPU
		{A7A12F2D-DBBD-4CC9-8AF4-AE415D4955A3}.Release|Any CPU.ActiveCfg = Release|Any CPU
		{A7A12F2D-DBBD-4CC9-8AF4-AE415D4955A3}.Release|Any CPU.Build.0 = Release|Any CPU
		{D11833AA-47F8-4914-820F-94DFDF5FAF08}.Debug|Any CPU.ActiveCfg = Debug|Any CPU
		{D11833AA-47F8-4914-820F-94DFDF5FAF08}.Debug|Any CPU.Build.0 = Debug|Any CPU
		{D11833AA-47F8-4914-820F-94DFDF5FAF08}.Release|Any CPU.ActiveCfg = Release|Any CPU
		{D11833AA-47F8-4914-820F-94DFDF5FAF08}.Release|Any CPU.Build.0 = Release|Any CPU
		{B5892604-D528-4BDD-A219-65E986ED8101}.Debug|Any CPU.ActiveCfg = Debug|Any CPU
		{B5892604-D528-4BDD-A219-65E986ED8101}.Debug|Any CPU.Build.0 = Debug|Any CPU
		{B5892604-D528-4BDD-A219-65E986ED8101}.Release|Any CPU.ActiveCfg = Release|Any CPU
		{B5892604-D528-4BDD-A219-65E986ED8101}.Release|Any CPU.Build.0 = Release|Any CPU
	EndGlobalSection
	GlobalSection(SolutionProperties) = preSolution
		HideSolutionNode = FALSE
	EndGlobalSection
	GlobalSection(ExtensibilityGlobals) = postSolution
		SolutionGuid = {268F23ED-E1E7-4701-AE3B-A5438CBD35A1}
	EndGlobalSection
EndGlobal
